<?xml version="1.0" encoding="utf-8"?>
<Project ToolsVersion="4.0" xmlns="http://schemas.microsoft.com/developer/msbuild/2003">
  <ItemGroup>
    <Filter Include="Source Files">
      <UniqueIdentifier>{4FC737F1-C7A5-4376-A066-2A32D752A2FF}</UniqueIdentifier>
      <Extensions>cpp;c;cc;cxx;c++;cppm;ixx;def;odl;idl;hpj;bat;asm;asmx</Extensions>
    </Filter>
    <Filter Include="Header Files">
      <UniqueIdentifier>{93995380-89BD-4b04-88EB-625FBE52EBFB}</UniqueIdentifier>
      <Extensions>h;hh;hpp;hxx;h++;hm;inl;inc;ipp;xsd</Extensions>
    </Filter>
    <Filter Include="Resource Files">
      <UniqueIdentifier>{67DA6AB6-F800-4c08-8B7A-83BB121AAD01}</UniqueIdentifier>
      <Extensions>rc;ico;cur;bmp;dlg;rc2;rct;bin;rgs;gif;jpg;jpeg;jpe;resx;tiff;tif;png;wav;mfcribbon-ms</Extensions>
    </Filter>
    <Filter Include="Header Files\engine">
      <UniqueIdentifier>{1c91983d-4cd3-4623-8b91-9246a1307b93}</UniqueIdentifier>
    </Filter>
    <Filter Include="Source Files\engine">
      <UniqueIdentifier>{be83f809-815b-4c07-8a9c-433e1bde6808}</UniqueIdentifier>
    </Filter>
    <Filter Include="Source Files\engine\shaders">
      <UniqueIdentifier>{a78a19ae-b0b7-42f1-a155-71319a05926c}</UniqueIdentifier>
    </Filter>
  </ItemGroup>
  <ItemGroup>
    <ClCompile Include="imgui-master\imgui.cpp">
      <Filter>Source Files</Filter>
    </ClCompile>
    <ClCompile Include="imgui-master\imgui_draw.cpp">
      <Filter>Source Files</Filter>
    </ClCompile>
    <ClCompile Include="imgui-master\imgui_tables.cpp">
      <Filter>Source Files</Filter>
    </ClCompile>
    <ClCompile Include="imgui-master\backends\imgui_impl_opengl3.cpp">
      <Filter>Source Files</Filter>
    </ClCompile>
    <ClCompile Include="imgui-master\backends\imgui_impl_sdl2.cpp">
      <Filter>Source Files</Filter>
    </ClCompile>
    <ClCompile Include="main.c">
      <Filter>Source Files\engine</Filter>
    </ClCompile>
    <ClCompile Include="cvar.c">
      <Filter>Source Files\engine</Filter>
    </ClCompile>
    <ClCompile Include="gl_console.cpp">
      <Filter>Source Files\engine</Filter>
    </ClCompile>
    <ClCompile Include="texturemanager.c">
      <Filter>Source Files\engine</Filter>
    </ClCompile>
    <ClCompile Include="math_lib.c">
      <Filter>Source Files\engine</Filter>
    </ClCompile>
    <ClCompile Include="map.c">
      <Filter>Source Files\engine</Filter>
    </ClCompile>
    <ClCompile Include="model_loader.c">
      <Filter>Source Files\engine</Filter>
    </ClCompile>
    <ClCompile Include="imgui-master\imgui_widgets.cpp">
      <Filter>Source Files</Filter>
    </ClCompile>
    <ClCompile Include="physics_wrapper.cpp">
      <Filter>Source Files\engine</Filter>
    </ClCompile>
    <ClCompile Include="gl_misc.c">
      <Filter>Source Files\engine</Filter>
    </ClCompile>
    <ClCompile Include="editor.c">
      <Filter>Source Files\engine</Filter>
    </ClCompile>
    <ClCompile Include="sound_system.c">
      <Filter>Source Files\engine</Filter>
    </ClCompile>
    <ClCompile Include="io_system.c">
      <Filter>Source Files\engine</Filter>
    </ClCompile>
    <ClCompile Include="particle_system.c">
      <Filter>Source Files\engine</Filter>
    </ClCompile>
    <ClCompile Include="editor_undo.c">
      <Filter>Source Files\engine</Filter>
    </ClCompile>
    <ClCompile Include="binds.c">
      <Filter>Source Files\engine</Filter>
    </ClCompile>
    <ClCompile Include="mikktspace\mikktspace.c">
      <Filter>Source Files\engine</Filter>
    </ClCompile>
    <ClCompile Include="gameconfig.c">
      <Filter>Source Files\engine</Filter>
    </ClCompile>
    <ClCompile Include="discord_wrapper.cpp">
      <Filter>Source Files\engine</Filter>
    </ClCompile>
    <ClCompile Include="main_menu.c">
      <Filter>Source Files\engine</Filter>
    </ClCompile>
  </ItemGroup>
  <ItemGroup>
    <ClInclude Include="imgui-master\backends\imgui_impl_opengl3.h">
      <Filter>Header Files</Filter>
    </ClInclude>
    <ClInclude Include="imgui-master\backends\imgui_impl_sdl2.h">
      <Filter>Header Files</Filter>
    </ClInclude>
    <ClInclude Include="imgui-master\imconfig.h">
      <Filter>Header Files</Filter>
    </ClInclude>
    <ClInclude Include="imgui-master\imgui.h">
      <Filter>Header Files</Filter>
    </ClInclude>
    <ClInclude Include="imgui-master\imgui_internal.h">
      <Filter>Header Files</Filter>
    </ClInclude>
    <ClInclude Include="cvar.h">
      <Filter>Header Files\engine</Filter>
    </ClInclude>
    <ClInclude Include="gl_console.h">
      <Filter>Header Files\engine</Filter>
    </ClInclude>
    <ClInclude Include="texturemanager.h">
      <Filter>Header Files\engine</Filter>
    </ClInclude>
    <ClInclude Include="math_lib.h">
      <Filter>Header Files\engine</Filter>
    </ClInclude>
    <ClInclude Include="map.h">
      <Filter>Header Files\engine</Filter>
    </ClInclude>
    <ClInclude Include="model_loader.h">
      <Filter>Header Files\engine</Filter>
    </ClInclude>
    <ClInclude Include="physics_wrapper.h">
      <Filter>Header Files\engine</Filter>
    </ClInclude>
    <ClInclude Include="gl_misc.h">
      <Filter>Header Files\engine</Filter>
    </ClInclude>
    <ClInclude Include="editor.h">
      <Filter>Header Files\engine</Filter>
    </ClInclude>
    <ClInclude Include="sound_system.h">
      <Filter>Header Files\engine</Filter>
    </ClInclude>
    <ClInclude Include="io_system.h">
      <Filter>Header Files\engine</Filter>
    </ClInclude>
    <ClInclude Include="particle_system.h">
      <Filter>Header Files\engine</Filter>
    </ClInclude>
    <ClInclude Include="editor_undo.h">
      <Filter>Header Files\engine</Filter>
    </ClInclude>
    <ClInclude Include="binds.h">
      <Filter>Header Files\engine</Filter>
    </ClInclude>
    <ClInclude Include="gameconfig.h">
      <Filter>Header Files\engine</Filter>
    </ClInclude>
    <ClInclude Include="discord_wrapper.h">
      <Filter>Header Files\engine</Filter>
    </ClInclude>
    <ClInclude Include="main_menu.h">
      <Filter>Header Files\engine</Filter>
    </ClInclude>
  </ItemGroup>
  <ItemGroup>
    <None Include="x64\Release\shaders\bloom.frag">
      <Filter>Source Files\engine\shaders</Filter>
    </None>
    <None Include="x64\Release\shaders\bloom.vert">
      <Filter>Source Files\engine\shaders</Filter>
    </None>
    <None Include="x64\Release\shaders\bloom_blur.frag">
      <Filter>Source Files\engine\shaders</Filter>
    </None>
    <None Include="x64\Release\shaders\bloom_blur.vert">
      <Filter>Source Files\engine\shaders</Filter>
    </None>
    <None Include="x64\Release\shaders\blur.frag">
      <Filter>Source Files\engine\shaders</Filter>
    </None>
    <None Include="x64\Release\shaders\blur.vert">
      <Filter>Source Files\engine\shaders</Filter>
    </None>
    <None Include="x64\Release\shaders\debug.frag">
      <Filter>Source Files\engine\shaders</Filter>
    </None>
    <None Include="x64\Release\shaders\debug.vert">
      <Filter>Source Files\engine\shaders</Filter>
    </None>
    <None Include="x64\Release\shaders\depth_point.frag">
      <Filter>Source Files\engine\shaders</Filter>
    </None>
    <None Include="x64\Release\shaders\depth_point.geom">
      <Filter>Source Files\engine\shaders</Filter>
    </None>
    <None Include="x64\Release\shaders\depth_point.vert">
      <Filter>Source Files\engine\shaders</Filter>
    </None>
    <None Include="x64\Release\shaders\depth_spot.frag">
      <Filter>Source Files\engine\shaders</Filter>
    </None>
    <None Include="x64\Release\shaders\depth_spot.vert">
      <Filter>Source Files\engine\shaders</Filter>
    </None>
    <None Include="x64\Release\shaders\dof.frag">
      <Filter>Source Files\engine\shaders</Filter>
    </None>
    <None Include="x64\Release\shaders\dof.vert">
      <Filter>Source Files\engine\shaders</Filter>
    </None>
    <None Include="x64\Release\shaders\exposure.comp">
      <Filter>Source Files\engine\shaders</Filter>
    </None>
    <None Include="x64\Release\shaders\fxaa.frag">
      <Filter>Source Files\engine\shaders</Filter>
    </None>
    <None Include="x64\Release\shaders\fxaa.vert">
      <Filter>Source Files\engine\shaders</Filter>
    </None>
    <None Include="x64\Release\shaders\gizmo.frag">
      <Filter>Source Files\engine\shaders</Filter>
    </None>
    <None Include="x64\Release\shaders\gizmo.vert">
      <Filter>Source Files\engine\shaders</Filter>
    </None>
    <None Include="x64\Release\shaders\grid.frag">
      <Filter>Source Files\engine\shaders</Filter>
    </None>
    <None Include="x64\Release\shaders\grid.vert">
      <Filter>Source Files\engine\shaders</Filter>
    </None>
    <None Include="x64\Release\shaders\histogram.comp">
      <Filter>Source Files\engine\shaders</Filter>
    </None>
    <None Include="x64\Release\shaders\main.frag">
      <Filter>Source Files\engine\shaders</Filter>
    </None>
    <None Include="x64\Release\shaders\main.vert">
      <Filter>Source Files\engine\shaders</Filter>
    </None>
    <None Include="x64\Release\shaders\particle.frag">
      <Filter>Source Files\engine\shaders</Filter>
    </None>
    <None Include="x64\Release\shaders\particle.geom">
      <Filter>Source Files\engine\shaders</Filter>
    </None>
    <None Include="x64\Release\shaders\particle.vert">
      <Filter>Source Files\engine\shaders</Filter>
    </None>
    <None Include="x64\Release\shaders\postprocess.frag">
      <Filter>Source Files\engine\shaders</Filter>
    </None>
    <None Include="x64\Release\shaders\postprocess.vert">
      <Filter>Source Files\engine\shaders</Filter>
    </None>
    <None Include="x64\Release\shaders\skybox.frag">
      <Filter>Source Files\engine\shaders</Filter>
    </None>
    <None Include="x64\Release\shaders\skybox.vert">
      <Filter>Source Files\engine\shaders</Filter>
    </None>
    <None Include="x64\Release\shaders\ssao.frag">
      <Filter>Source Files\engine\shaders</Filter>
    </None>
    <None Include="x64\Release\shaders\ssao.vert">
      <Filter>Source Files\engine\shaders</Filter>
    </None>
    <None Include="x64\Release\shaders\ssao_blur.frag">
      <Filter>Source Files\engine\shaders</Filter>
    </None>
    <None Include="x64\Release\shaders\ssao_blur.vert">
      <Filter>Source Files\engine\shaders</Filter>
    </None>
    <None Include="x64\Release\shaders\volumetric.frag">
      <Filter>Source Files\engine\shaders</Filter>
    </None>
    <None Include="x64\Release\shaders\volumetric.vert">
      <Filter>Source Files\engine\shaders</Filter>
    </None>
    <None Include="x64\Release\shaders\volumetric_blur.frag">
      <Filter>Source Files\engine\shaders</Filter>
    </None>
    <None Include="x64\Release\shaders\volumetric_blur.vert">
      <Filter>Source Files\engine\shaders</Filter>
    </None>
    <None Include="x64\Release\shaders\water.frag">
      <Filter>Source Files\engine\shaders</Filter>
    </None>
    <None Include="x64\Release\shaders\water.vert">
      <Filter>Source Files\engine\shaders</Filter>
    </None>
    <None Include="x64\Release\shaders\water.tcs">
      <Filter>Source Files\engine\shaders</Filter>
    </None>
    <None Include="x64\Release\shaders\water.tes">
      <Filter>Source Files\engine\shaders</Filter>
    </None>
  </ItemGroup>
</Project>